# THIS IS AN AUTOGENERATED FILE. DO NOT EDIT THIS FILE DIRECTLY.
# yarn lockfile v1


"@kurkle/color@^0.3.0":
  version "0.3.4"
  resolved "https://registry.yarnpkg.com/@kurkle/color/-/color-0.3.4.tgz#4d4ff677e1609214fc71c580125ddddd86abcabf"
  integrity sha512-M5UknZPHRu3DEDWoipU6sE8PdkZ6Z/S+v4dD+Ke8IaNlpdSQah50lz1KtcFBa2vsdOnwbbnxJwVM4wty6udA5w==

chart.js@^4.4.9:
  version "4.4.9"
  resolved "https://registry.yarnpkg.com/chart.js/-/chart.js-4.4.9.tgz#602e2fc2462f0f7bb7b255eaa1b51f56a43a1362"
  integrity sha512-EyZ9wWKgpAU0fLJ43YAEIF8sr5F2W3LqbS40ZJyHIner2lY14ufqv2VMp69MAiZ2rpwxEUxEhIH/0U3xyRynxg==
  dependencies:
    "@kurkle/color" "^0.3.0"
